// !$*UTF8*$!
{
	archiveVersion = 1;
	classes = {
	};
	objectVersion = 48;
	objects = {

/* Begin PBXBuildFile section */
		A607F0472011468600F9B75D /* IwlDvmOpMode_rx.cpp in Sources */ = {isa = PBXBuildFile; fileRef = A607F0462011468600F9B75D /* IwlDvmOpMode_rx.cpp */; };
		A60CB4402012D802002FB239 /* IwlDvmOpMode_scan.cpp in Sources */ = {isa = PBXBuildFile; fileRef = A60CB43F2012D802002FB239 /* IwlDvmOpMode_scan.cpp */; };
		A61264FA1FF20162006A7AEA /* iwl-csr.h in Headers */ = {isa = PBXBuildFile; fileRef = A61264F91FF20162006A7AEA /* iwl-csr.h */; };
		A61427262001B3760093DED7 /* IntelWifi_tx.cpp in Sources */ = {isa = PBXBuildFile; fileRef = A61427252001B3760093DED7 /* IntelWifi_tx.cpp */; };
		A61427282001BF090093DED7 /* tx.h in Headers */ = {isa = PBXBuildFile; fileRef = A61427272001BF090093DED7 /* tx.h */; };
		A614272D2001F3F10093DED7 /* IwlDvmOpMode_main.cpp in Sources */ = {isa = PBXBuildFile; fileRef = A614272B2001F3F10093DED7 /* IwlDvmOpMode_main.cpp */; };
		A614272E2001F3F10093DED7 /* IwlDvmOpMode.hpp in Headers */ = {isa = PBXBuildFile; fileRef = A614272C2001F3F10093DED7 /* IwlDvmOpMode.hpp */; };
		A61427302001F6960093DED7 /* IntelWifi_ops.cpp in Sources */ = {isa = PBXBuildFile; fileRef = A614272F2001F6960093DED7 /* IntelWifi_ops.cpp */; };
		A61427322001FB660093DED7 /* IwlDvmOpMode.cpp in Sources */ = {isa = PBXBuildFile; fileRef = A61427312001FB660093DED7 /* IwlDvmOpMode.cpp */; };
		A6142736200202730093DED7 /* dev.h in Headers */ = {isa = PBXBuildFile; fileRef = A6142734200202730093DED7 /* dev.h */; };
		A6142737200202730093DED7 /* commands.h in Headers */ = {isa = PBXBuildFile; fileRef = A6142735200202730093DED7 /* commands.h */; };
		A6142739200203220093DED7 /* rs.h in Headers */ = {isa = PBXBuildFile; fileRef = A6142738200203220093DED7 /* rs.h */; };
		A614273B200204B90093DED7 /* power.h in Headers */ = {isa = PBXBuildFile; fileRef = A614273A200204B80093DED7 /* power.h */; };
		A614273E200205480093DED7 /* notif-wait.h in Headers */ = {isa = PBXBuildFile; fileRef = A614273C200205480093DED7 /* notif-wait.h */; };
		A614273F200205480093DED7 /* notif-wait.c in Sources */ = {isa = PBXBuildFile; fileRef = A614273D200205480093DED7 /* notif-wait.c */; };
		A6142741200206A20093DED7 /* tt.h in Headers */ = {isa = PBXBuildFile; fileRef = A6142740200206A10093DED7 /* tt.h */; };
		A6142743200207230093DED7 /* devices.c in Sources */ = {isa = PBXBuildFile; fileRef = A6142742200207230093DED7 /* devices.c */; };
		A61427452002075B0093DED7 /* agn.h in Headers */ = {isa = PBXBuildFile; fileRef = A61427442002075B0093DED7 /* agn.h */; };
		A614274720020EAE0093DED7 /* lib.c in Sources */ = {isa = PBXBuildFile; fileRef = A614274620020EAE0093DED7 /* lib.c */; };
		A614367B1FFAEA5B00852FEC /* IntelWifi_trans.cpp in Sources */ = {isa = PBXBuildFile; fileRef = A614367A1FFAEA5B00852FEC /* IntelWifi_trans.cpp */; };
		A614367E1FFAF8FD00852FEC /* Configuration.c in Sources */ = {isa = PBXBuildFile; fileRef = A614367C1FFAF8FD00852FEC /* Configuration.c */; };
		A614367F1FFAF8FD00852FEC /* Configuration.h in Headers */ = {isa = PBXBuildFile; fileRef = A614367D1FFAF8FD00852FEC /* Configuration.h */; };
		A61436811FFC063900852FEC /* IntelWifi_rx.cpp in Sources */ = {isa = PBXBuildFile; fileRef = A61436801FFC063900852FEC /* IntelWifi_rx.cpp */; };
		A61525A01FF4B6F90094A282 /* 8000.c in Sources */ = {isa = PBXBuildFile; fileRef = A61525981FF4B6F80094A282 /* 8000.c */; };
		A61525A11FF4B6F90094A282 /* 6000.c in Sources */ = {isa = PBXBuildFile; fileRef = A61525991FF4B6F80094A282 /* 6000.c */; };
		A61525A21FF4B6F90094A282 /* 9000.c in Sources */ = {isa = PBXBuildFile; fileRef = A615259A1FF4B6F80094A282 /* 9000.c */; };
		A61525A31FF4B6F90094A282 /* 1000.c in Sources */ = {isa = PBXBuildFile; fileRef = A615259B1FF4B6F80094A282 /* 1000.c */; };
		A61525A41FF4B6F90094A282 /* 5000.c in Sources */ = {isa = PBXBuildFile; fileRef = A615259C1FF4B6F80094A282 /* 5000.c */; };
		A61525A51FF4B6F90094A282 /* a000.c in Sources */ = {isa = PBXBuildFile; fileRef = A615259D1FF4B6F90094A282 /* a000.c */; };
		A61525A61FF4B6F90094A282 /* 7000.c in Sources */ = {isa = PBXBuildFile; fileRef = A615259E1FF4B6F90094A282 /* 7000.c */; };
		A61525A71FF4B6F90094A282 /* 2000.c in Sources */ = {isa = PBXBuildFile; fileRef = A615259F1FF4B6F90094A282 /* 2000.c */; };
		A61525B11FF4C2FD0094A282 /* iwl-op-mode.h in Headers */ = {isa = PBXBuildFile; fileRef = A61525B01FF4C2FD0094A282 /* iwl-op-mode.h */; };
		A61525B41FF4C48E0094A282 /* iwl-prph.h in Headers */ = {isa = PBXBuildFile; fileRef = A61525B31FF4C48E0094A282 /* iwl-prph.h */; };
		A61525B91FF4C52A0094A282 /* iwl-fh.h in Headers */ = {isa = PBXBuildFile; fileRef = A61525B81FF4C52A0094A282 /* iwl-fh.h */; };
		A61525BD1FF4C89D0094A282 /* file.h in Headers */ = {isa = PBXBuildFile; fileRef = A61525BC1FF4C89D0094A282 /* file.h */; };
		A61525BF1FF4C9600094A282 /* error-dump.h in Headers */ = {isa = PBXBuildFile; fileRef = A61525BE1FF4C9600094A282 /* error-dump.h */; };
		A61525C11FF4CB760094A282 /* img.h in Headers */ = {isa = PBXBuildFile; fileRef = A61525C01FF4CB760094A282 /* img.h */; };
		A61525C31FF4CE520094A282 /* iwl-modparams.h in Headers */ = {isa = PBXBuildFile; fileRef = A61525C21FF4CE520094A282 /* iwl-modparams.h */; };
		A61525C51FF4CED70094A282 /* iwl-context-info.h in Headers */ = {isa = PBXBuildFile; fileRef = A61525C41FF4CED70094A282 /* iwl-context-info.h */; };
		A61525C81FF4CF6A0094A282 /* cmdhdr.h in Headers */ = {isa = PBXBuildFile; fileRef = A61525C71FF4CF6A0094A282 /* cmdhdr.h */; };
		A61525CA1FF4CF900094A282 /* txq.h in Headers */ = {isa = PBXBuildFile; fileRef = A61525C91FF4CF900094A282 /* txq.h */; };
		A61525CC1FF4CFC60094A282 /* iwl-trans.h in Headers */ = {isa = PBXBuildFile; fileRef = A61525CB1FF4CFC60094A282 /* iwl-trans.h */; };
		A61525D11FF4E30F0094A282 /* iwl-trans.c in Sources */ = {isa = PBXBuildFile; fileRef = A61525D01FF4E30E0094A282 /* iwl-trans.c */; };
		A61525D41FF4E38D0094A282 /* iwl-drv.c in Sources */ = {isa = PBXBuildFile; fileRef = A61525D21FF4E38C0094A282 /* iwl-drv.c */; };
		A61525D51FF4E38D0094A282 /* iwl-drv.h in Headers */ = {isa = PBXBuildFile; fileRef = A61525D31FF4E38C0094A282 /* iwl-drv.h */; };
		A632A3BE1FFEB01B006B1128 /* IntelWifi_trans-gen2.cpp in Sources */ = {isa = PBXBuildFile; fileRef = A632A3BD1FFEB01B006B1128 /* IntelWifi_trans-gen2.cpp */; };
		A636DA741FF421B7006AECC9 /* iwl-config.h in Headers */ = {isa = PBXBuildFile; fileRef = A636DA731FF421B6006AECC9 /* iwl-config.h */; };
		A63CB759200FF46D0097DA79 /* IwlDvmOpMode_sta.cpp in Sources */ = {isa = PBXBuildFile; fileRef = A63CB758200FF46D0097DA79 /* IwlDvmOpMode_sta.cpp */; };
		A63CB75C2010FB5E0097DA79 /* IwlDvmOpMode_lib.cpp in Sources */ = {isa = PBXBuildFile; fileRef = A63CB75B2010FB5E0097DA79 /* IwlDvmOpMode_lib.cpp */; };
		A63CB75E2010FDA00097DA79 /* IwlDvmOpMode_rxon.cpp in Sources */ = {isa = PBXBuildFile; fileRef = A63CB75D2010FDA00097DA79 /* IwlDvmOpMode_rxon.cpp */; };
		A63CB760201100F10097DA79 /* IwlDvmOpMode_calib.cpp in Sources */ = {isa = PBXBuildFile; fileRef = A63CB75F201100F10097DA79 /* IwlDvmOpMode_calib.cpp */; };
		A642B2CC20004F5000264363 /* list.h in Headers */ = {isa = PBXBuildFile; fileRef = A642B2C920004F4F00264363 /* list.h */; };
		A642B2CD20004F5000264363 /* poison.h in Headers */ = {isa = PBXBuildFile; fileRef = A642B2CA20004F5000264363 /* poison.h */; };
		A642B2CE20004F5000264363 /* compiler.h in Headers */ = {isa = PBXBuildFile; fileRef = A642B2CB20004F5000264363 /* compiler.h */; };
		A65083781FEFB2DC001300AC /* IntelWifi.hpp in Headers */ = {isa = PBXBuildFile; fileRef = A65083771FEFB2DC001300AC /* IntelWifi.hpp */; };
		A650837A1FEFB2DC001300AC /* IntelWifi.cpp in Sources */ = {isa = PBXBuildFile; fileRef = A65083791FEFB2DC001300AC /* IntelWifi.cpp */; };
		A65CD61D1FF1D201004AA810 /* README.md in Resources */ = {isa = PBXBuildFile; fileRef = A65CD61C1FF1D201004AA810 /* README.md */; };
		A6B62E18201A8ED300426B95 /* trans.c in Sources */ = {isa = PBXBuildFile; fileRef = A6B62E17201A8ED300426B95 /* trans.c */; };
		A6B62E1B201A951B00426B95 /* iwl-io.h in Headers */ = {isa = PBXBuildFile; fileRef = A6B62E19201A951A00426B95 /* iwl-io.h */; };
		A6B62E1C201A951B00426B95 /* iwl-io.c in Sources */ = {isa = PBXBuildFile; fileRef = A6B62E1A201A951B00426B95 /* iwl-io.c */; };
		A6B62E1E201AA58C00426B95 /* iwl-scd.h in Headers */ = {isa = PBXBuildFile; fileRef = A6B62E1D201AA58B00426B95 /* iwl-scd.h */; };
		A6B62E22201AA70900426B95 /* iwl-eeprom-parse.c in Sources */ = {isa = PBXBuildFile; fileRef = A6B62E1F201AA70700426B95 /* iwl-eeprom-parse.c */; };
		A6B62E23201AA70900426B95 /* iwl-eeprom-read.c in Sources */ = {isa = PBXBuildFile; fileRef = A6B62E20201AA70800426B95 /* iwl-eeprom-read.c */; };
		A6B62E24201AA70900426B95 /* iwl-eeprom-read.h in Headers */ = {isa = PBXBuildFile; fileRef = A6B62E21201AA70800426B95 /* iwl-eeprom-read.h */; };
		A6C733BA2002B86100F03ACA /* IwlDvmOpMode_power.cpp in Sources */ = {isa = PBXBuildFile; fileRef = A6C733B92002B86100F03ACA /* IwlDvmOpMode_power.cpp */; };
		A6C733BE2002CD1F00F03ACA /* calib.h in Headers */ = {isa = PBXBuildFile; fileRef = A6C733BD2002CD1F00F03ACA /* calib.h */; };
		A6C733C02002D1A800F03ACA /* IwlDvmOpMode_mac80211.cpp in Sources */ = {isa = PBXBuildFile; fileRef = A6C733BF2002D1A800F03ACA /* IwlDvmOpMode_mac80211.cpp */; };
		A6C733C22002D57500F03ACA /* IwlDvmOpMode_ucode.cpp in Sources */ = {isa = PBXBuildFile; fileRef = A6C733C12002D57500F03ACA /* IwlDvmOpMode_ucode.cpp */; };
		A6D275E71FF50F8C00F5723B /* firmware_file.h in Headers */ = {isa = PBXBuildFile; fileRef = A6D275E61FF50F8C00F5723B /* firmware_file.h */; };
		A6E59FE41FF34BA600E86DC0 /* iwl-agn-hw.h in Headers */ = {isa = PBXBuildFile; fileRef = A6E59FE31FF34BA600E86DC0 /* iwl-agn-hw.h */; };
		A6F3F8971FF78DA400F1582E /* util.c in Sources */ = {isa = PBXBuildFile; fileRef = A6F3F8961FF78DA400F1582E /* util.c */; };
		A6FFAF86201CC1580097ED10 /* IwlDvmOpMode_rs.cpp in Sources */ = {isa = PBXBuildFile; fileRef = A6FFAF85201CC1580097ED10 /* IwlDvmOpMode_rs.cpp */; };
		A6FFAF89201CF32C0097ED10 /* find_next_bit.c in Sources */ = {isa = PBXBuildFile; fileRef = A6FFAF88201CF32C0097ED10 /* find_next_bit.c */; };
/* End PBXBuildFile section */

/* Begin PBXFileReference section */
		A607F0462011468600F9B75D /* IwlDvmOpMode_rx.cpp */ = {isa = PBXFileReference; lastKnownFileType = sourcecode.cpp.cpp; path = IwlDvmOpMode_rx.cpp; sourceTree = "<group>"; };
		A60CB43F2012D802002FB239 /* IwlDvmOpMode_scan.cpp */ = {isa = PBXFileReference; lastKnownFileType = sourcecode.cpp.cpp; path = IwlDvmOpMode_scan.cpp; sourceTree = "<group>"; };
		A611F3EA1FF33BCD001B5538 /* iwl-eeprom-parse.h */ = {isa = PBXFileReference; lastKnownFileType = sourcecode.c.h; path = "iwl-eeprom-parse.h"; sourceTree = "<group>"; };
		A61264F91FF20162006A7AEA /* iwl-csr.h */ = {isa = PBXFileReference; fileEncoding = 4; lastKnownFileType = sourcecode.c.h; path = "iwl-csr.h"; sourceTree = "<group>"; };
		A61427252001B3760093DED7 /* IntelWifi_tx.cpp */ = {isa = PBXFileReference; lastKnownFileType = sourcecode.cpp.cpp; path = IntelWifi_tx.cpp; sourceTree = "<group>"; };
		A61427272001BF090093DED7 /* tx.h */ = {isa = PBXFileReference; fileEncoding = 4; lastKnownFileType = sourcecode.c.h; path = tx.h; sourceTree = "<group>"; };
		A61427292001F2DC0093DED7 /* IwlOpModeOps.h */ = {isa = PBXFileReference; lastKnownFileType = sourcecode.c.h; path = IwlOpModeOps.h; sourceTree = "<group>"; };
		A614272A2001F3690093DED7 /* IwlTransOps.h */ = {isa = PBXFileReference; lastKnownFileType = sourcecode.c.h; path = IwlTransOps.h; sourceTree = "<group>"; };
		A614272B2001F3F10093DED7 /* IwlDvmOpMode_main.cpp */ = {isa = PBXFileReference; lastKnownFileType = sourcecode.cpp.cpp; path = IwlDvmOpMode_main.cpp; sourceTree = "<group>"; };
		A614272C2001F3F10093DED7 /* IwlDvmOpMode.hpp */ = {isa = PBXFileReference; lastKnownFileType = sourcecode.cpp.h; path = IwlDvmOpMode.hpp; sourceTree = "<group>"; };
		A614272F2001F6960093DED7 /* IntelWifi_ops.cpp */ = {isa = PBXFileReference; lastKnownFileType = sourcecode.cpp.cpp; path = IntelWifi_ops.cpp; sourceTree = "<group>"; };
		A61427312001FB660093DED7 /* IwlDvmOpMode.cpp */ = {isa = PBXFileReference; lastKnownFileType = sourcecode.cpp.cpp; path = IwlDvmOpMode.cpp; sourceTree = "<group>"; };
		A6142734200202730093DED7 /* dev.h */ = {isa = PBXFileReference; fileEncoding = 4; lastKnownFileType = sourcecode.c.h; path = dev.h; sourceTree = "<group>"; };
		A6142735200202730093DED7 /* commands.h */ = {isa = PBXFileReference; fileEncoding = 4; lastKnownFileType = sourcecode.c.h; path = commands.h; sourceTree = "<group>"; };
		A6142738200203220093DED7 /* rs.h */ = {isa = PBXFileReference; fileEncoding = 4; lastKnownFileType = sourcecode.c.h; path = rs.h; sourceTree = "<group>"; };
		A614273A200204B80093DED7 /* power.h */ = {isa = PBXFileReference; fileEncoding = 4; lastKnownFileType = sourcecode.c.h; path = power.h; sourceTree = "<group>"; };
		A614273C200205480093DED7 /* notif-wait.h */ = {isa = PBXFileReference; fileEncoding = 4; lastKnownFileType = sourcecode.c.h; path = "notif-wait.h"; sourceTree = "<group>"; };
		A614273D200205480093DED7 /* notif-wait.c */ = {isa = PBXFileReference; fileEncoding = 4; lastKnownFileType = sourcecode.c.c; path = "notif-wait.c"; sourceTree = "<group>"; };
		A6142740200206A10093DED7 /* tt.h */ = {isa = PBXFileReference; fileEncoding = 4; lastKnownFileType = sourcecode.c.h; path = tt.h; sourceTree = "<group>"; };
		A6142742200207230093DED7 /* devices.c */ = {isa = PBXFileReference; fileEncoding = 4; lastKnownFileType = sourcecode.c.c; path = devices.c; sourceTree = "<group>"; };
		A61427442002075B0093DED7 /* agn.h */ = {isa = PBXFileReference; fileEncoding = 4; lastKnownFileType = sourcecode.c.h; path = agn.h; sourceTree = "<group>"; };
		A614274620020EAE0093DED7 /* lib.c */ = {isa = PBXFileReference; lastKnownFileType = sourcecode.c.c; path = lib.c; sourceTree = "<group>"; };
		A614367A1FFAEA5B00852FEC /* IntelWifi_trans.cpp */ = {isa = PBXFileReference; lastKnownFileType = sourcecode.cpp.cpp; path = IntelWifi_trans.cpp; sourceTree = "<group>"; };
		A614367C1FFAF8FD00852FEC /* Configuration.c */ = {isa = PBXFileReference; lastKnownFileType = sourcecode.c.c; path = Configuration.c; sourceTree = "<group>"; };
		A614367D1FFAF8FD00852FEC /* Configuration.h */ = {isa = PBXFileReference; lastKnownFileType = sourcecode.c.h; path = Configuration.h; sourceTree = "<group>"; };
		A61436801FFC063900852FEC /* IntelWifi_rx.cpp */ = {isa = PBXFileReference; lastKnownFileType = sourcecode.cpp.cpp; path = IntelWifi_rx.cpp; sourceTree = "<group>"; };
		A61436821FFC193C00852FEC /* irqreturn.h */ = {isa = PBXFileReference; lastKnownFileType = sourcecode.c.h; path = irqreturn.h; sourceTree = "<group>"; };
		A61525981FF4B6F80094A282 /* 8000.c */ = {isa = PBXFileReference; fileEncoding = 4; lastKnownFileType = sourcecode.c.c; path = 8000.c; sourceTree = "<group>"; };
		A61525991FF4B6F80094A282 /* 6000.c */ = {isa = PBXFileReference; fileEncoding = 4; lastKnownFileType = sourcecode.c.c; path = 6000.c; sourceTree = "<group>"; };
		A615259A1FF4B6F80094A282 /* 9000.c */ = {isa = PBXFileReference; fileEncoding = 4; lastKnownFileType = sourcecode.c.c; path = 9000.c; sourceTree = "<group>"; };
		A615259B1FF4B6F80094A282 /* 1000.c */ = {isa = PBXFileReference; fileEncoding = 4; lastKnownFileType = sourcecode.c.c; path = 1000.c; sourceTree = "<group>"; };
		A615259C1FF4B6F80094A282 /* 5000.c */ = {isa = PBXFileReference; fileEncoding = 4; lastKnownFileType = sourcecode.c.c; path = 5000.c; sourceTree = "<group>"; };
		A615259D1FF4B6F90094A282 /* a000.c */ = {isa = PBXFileReference; fileEncoding = 4; lastKnownFileType = sourcecode.c.c; path = a000.c; sourceTree = "<group>"; };
		A615259E1FF4B6F90094A282 /* 7000.c */ = {isa = PBXFileReference; fileEncoding = 4; lastKnownFileType = sourcecode.c.c; path = 7000.c; sourceTree = "<group>"; };
		A615259F1FF4B6F90094A282 /* 2000.c */ = {isa = PBXFileReference; fileEncoding = 4; lastKnownFileType = sourcecode.c.c; path = 2000.c; sourceTree = "<group>"; };
		A61525AA1FF4B72C0094A282 /* module.h */ = {isa = PBXFileReference; lastKnownFileType = sourcecode.c.h; path = module.h; sourceTree = "<group>"; };
		A61525AB1FF4B79C0094A282 /* stringify.h */ = {isa = PBXFileReference; lastKnownFileType = sourcecode.c.h; path = stringify.h; sourceTree = "<group>"; };
		A61525AC1FF4B86E0094A282 /* types.h */ = {isa = PBXFileReference; lastKnownFileType = sourcecode.c.h; path = types.h; sourceTree = "<group>"; };
		A61525AD1FF4B8830094A282 /* netdevice.h */ = {isa = PBXFileReference; lastKnownFileType = sourcecode.c.h; path = netdevice.h; sourceTree = "<group>"; };
		A61525AE1FF4B8970094A282 /* ieee80211.h */ = {isa = PBXFileReference; lastKnownFileType = sourcecode.c.h; path = ieee80211.h; sourceTree = "<group>"; };
		A61525AF1FF4B8A30094A282 /* nl80211.h */ = {isa = PBXFileReference; lastKnownFileType = sourcecode.c.h; path = nl80211.h; sourceTree = "<group>"; };
		A61525B01FF4C2FD0094A282 /* iwl-op-mode.h */ = {isa = PBXFileReference; fileEncoding = 4; lastKnownFileType = sourcecode.c.h; path = "iwl-op-mode.h"; sourceTree = "<group>"; };
		A61525B21FF4C30D0094A282 /* debugfs.h */ = {isa = PBXFileReference; lastKnownFileType = sourcecode.c.h; path = debugfs.h; sourceTree = "<group>"; };
		A61525B31FF4C48E0094A282 /* iwl-prph.h */ = {isa = PBXFileReference; fileEncoding = 4; lastKnownFileType = sourcecode.c.h; path = "iwl-prph.h"; sourceTree = "<group>"; };
		A61525B51FF4C4A30094A282 /* bitfield.h */ = {isa = PBXFileReference; lastKnownFileType = sourcecode.c.h; path = bitfield.h; sourceTree = "<group>"; };
		A61525B81FF4C52A0094A282 /* iwl-fh.h */ = {isa = PBXFileReference; fileEncoding = 4; lastKnownFileType = sourcecode.c.h; path = "iwl-fh.h"; sourceTree = "<group>"; };
		A61525BC1FF4C89D0094A282 /* file.h */ = {isa = PBXFileReference; fileEncoding = 4; lastKnownFileType = sourcecode.c.h; path = file.h; sourceTree = "<group>"; };
		A61525BE1FF4C9600094A282 /* error-dump.h */ = {isa = PBXFileReference; fileEncoding = 4; lastKnownFileType = sourcecode.c.h; path = "error-dump.h"; sourceTree = "<group>"; };
		A61525C01FF4CB760094A282 /* img.h */ = {isa = PBXFileReference; fileEncoding = 4; lastKnownFileType = sourcecode.c.h; path = img.h; sourceTree = "<group>"; };
		A61525C21FF4CE520094A282 /* iwl-modparams.h */ = {isa = PBXFileReference; fileEncoding = 4; lastKnownFileType = sourcecode.c.h; path = "iwl-modparams.h"; sourceTree = "<group>"; };
		A61525C41FF4CED70094A282 /* iwl-context-info.h */ = {isa = PBXFileReference; fileEncoding = 4; lastKnownFileType = sourcecode.c.h; path = "iwl-context-info.h"; sourceTree = "<group>"; };
		A61525C71FF4CF6A0094A282 /* cmdhdr.h */ = {isa = PBXFileReference; fileEncoding = 4; lastKnownFileType = sourcecode.c.h; path = cmdhdr.h; sourceTree = "<group>"; };
		A61525C91FF4CF900094A282 /* txq.h */ = {isa = PBXFileReference; fileEncoding = 4; lastKnownFileType = sourcecode.c.h; path = txq.h; sourceTree = "<group>"; };
		A61525CB1FF4CFC60094A282 /* iwl-trans.h */ = {isa = PBXFileReference; fileEncoding = 4; lastKnownFileType = sourcecode.c.h; path = "iwl-trans.h"; sourceTree = "<group>"; };
		A61525CD1FF4CFDE0094A282 /* mm.h */ = {isa = PBXFileReference; lastKnownFileType = sourcecode.c.h; path = mm.h; sourceTree = "<group>"; };
		A61525CE1FF4CFE60094A282 /* lockdep.h */ = {isa = PBXFileReference; lastKnownFileType = sourcecode.c.h; path = lockdep.h; sourceTree = "<group>"; };
		A61525CF1FF4CFF60094A282 /* kernel.h */ = {isa = PBXFileReference; lastKnownFileType = sourcecode.c.h; path = kernel.h; sourceTree = "<group>"; };
		A61525D01FF4E30E0094A282 /* iwl-trans.c */ = {isa = PBXFileReference; fileEncoding = 4; lastKnownFileType = sourcecode.c.c; path = "iwl-trans.c"; sourceTree = "<group>"; };
		A61525D21FF4E38C0094A282 /* iwl-drv.c */ = {isa = PBXFileReference; fileEncoding = 4; lastKnownFileType = sourcecode.c.c; path = "iwl-drv.c"; sourceTree = "<group>"; };
		A61525D31FF4E38C0094A282 /* iwl-drv.h */ = {isa = PBXFileReference; fileEncoding = 4; lastKnownFileType = sourcecode.c.h; path = "iwl-drv.h"; sourceTree = "<group>"; };
		A61525D61FF4E3C30094A282 /* completion.h */ = {isa = PBXFileReference; lastKnownFileType = sourcecode.c.h; path = completion.h; sourceTree = "<group>"; };
		A61525D71FF4E3D00094A282 /* dma-mapping.h */ = {isa = PBXFileReference; lastKnownFileType = sourcecode.c.h; path = "dma-mapping.h"; sourceTree = "<group>"; };
		A61525D81FF4E3E30094A282 /* firmware.h */ = {isa = PBXFileReference; lastKnownFileType = sourcecode.c.h; path = firmware.h; sourceTree = "<group>"; };
		A61525D91FF4E3F70094A282 /* vmalloc.h */ = {isa = PBXFileReference; lastKnownFileType = sourcecode.c.h; path = vmalloc.h; sourceTree = "<group>"; };
		A61525DA1FF4E40B0094A282 /* export.h */ = {isa = PBXFileReference; lastKnownFileType = sourcecode.c.h; path = export.h; sourceTree = "<group>"; };
		A61525DB1FF4ED460094A282 /* iwl-debug.h */ = {isa = PBXFileReference; lastKnownFileType = sourcecode.c.h; path = "iwl-debug.h"; sourceTree = "<group>"; };
		A61873D21FF63DC800F9252C /* internal.h */ = {isa = PBXFileReference; lastKnownFileType = sourcecode.c.h; path = internal.h; sourceTree = "<group>"; };
		A632A3BD1FFEB01B006B1128 /* IntelWifi_trans-gen2.cpp */ = {isa = PBXFileReference; lastKnownFileType = sourcecode.cpp.cpp; path = "IntelWifi_trans-gen2.cpp"; sourceTree = "<group>"; };
		A636DA731FF421B6006AECC9 /* iwl-config.h */ = {isa = PBXFileReference; fileEncoding = 4; lastKnownFileType = sourcecode.c.h; path = "iwl-config.h"; sourceTree = "<group>"; };
		A63CB758200FF46D0097DA79 /* IwlDvmOpMode_sta.cpp */ = {isa = PBXFileReference; lastKnownFileType = sourcecode.cpp.cpp; path = IwlDvmOpMode_sta.cpp; sourceTree = "<group>"; };
		A63CB75A2010EE2A0097DA79 /* etherdevice.h */ = {isa = PBXFileReference; lastKnownFileType = sourcecode.c.h; path = etherdevice.h; sourceTree = "<group>"; };
		A63CB75B2010FB5E0097DA79 /* IwlDvmOpMode_lib.cpp */ = {isa = PBXFileReference; lastKnownFileType = sourcecode.cpp.cpp; path = IwlDvmOpMode_lib.cpp; sourceTree = "<group>"; };
		A63CB75D2010FDA00097DA79 /* IwlDvmOpMode_rxon.cpp */ = {isa = PBXFileReference; lastKnownFileType = sourcecode.cpp.cpp; path = IwlDvmOpMode_rxon.cpp; sourceTree = "<group>"; };
		A63CB75F201100F10097DA79 /* IwlDvmOpMode_calib.cpp */ = {isa = PBXFileReference; lastKnownFileType = sourcecode.cpp.cpp; path = IwlDvmOpMode_calib.cpp; sourceTree = "<group>"; };
		A63CB76120110D360097DA79 /* mac80211.h */ = {isa = PBXFileReference; lastKnownFileType = sourcecode.c.h; path = mac80211.h; sourceTree = "<group>"; };
		A642B2C920004F4F00264363 /* list.h */ = {isa = PBXFileReference; fileEncoding = 4; lastKnownFileType = sourcecode.c.h; path = list.h; sourceTree = "<group>"; };
		A642B2CA20004F5000264363 /* poison.h */ = {isa = PBXFileReference; fileEncoding = 4; lastKnownFileType = sourcecode.c.h; path = poison.h; sourceTree = "<group>"; };
		A642B2CB20004F5000264363 /* compiler.h */ = {isa = PBXFileReference; fileEncoding = 4; lastKnownFileType = sourcecode.c.h; path = compiler.h; sourceTree = "<group>"; };
		A65083741FEFB2DC001300AC /* IntelWifi.kext */ = {isa = PBXFileReference; explicitFileType = wrapper.cfbundle; includeInIndex = 0; path = IntelWifi.kext; sourceTree = BUILT_PRODUCTS_DIR; };
		A65083771FEFB2DC001300AC /* IntelWifi.hpp */ = {isa = PBXFileReference; lastKnownFileType = sourcecode.cpp.h; path = IntelWifi.hpp; sourceTree = "<group>"; };
		A65083791FEFB2DC001300AC /* IntelWifi.cpp */ = {isa = PBXFileReference; lastKnownFileType = sourcecode.cpp.cpp; path = IntelWifi.cpp; sourceTree = "<group>"; };
		A650837B1FEFB2DC001300AC /* Info.plist */ = {isa = PBXFileReference; lastKnownFileType = text.plist.xml; path = Info.plist; sourceTree = "<group>"; };
		A65CD61C1FF1D201004AA810 /* README.md */ = {isa = PBXFileReference; fileEncoding = 4; lastKnownFileType = net.daringfireball.markdown; path = README.md; sourceTree = "<group>"; };
		A65CD61E1FF1D2BB004AA810 /* Logging.h */ = {isa = PBXFileReference; lastKnownFileType = sourcecode.c.h; path = Logging.h; sourceTree = "<group>"; };
		A6B62E17201A8ED300426B95 /* trans.c */ = {isa = PBXFileReference; lastKnownFileType = sourcecode.c.c; path = trans.c; sourceTree = "<group>"; };
		A6B62E19201A951A00426B95 /* iwl-io.h */ = {isa = PBXFileReference; fileEncoding = 4; lastKnownFileType = sourcecode.c.h; path = "iwl-io.h"; sourceTree = "<group>"; };
		A6B62E1A201A951B00426B95 /* iwl-io.c */ = {isa = PBXFileReference; fileEncoding = 4; lastKnownFileType = sourcecode.c.c; path = "iwl-io.c"; sourceTree = "<group>"; };
		A6B62E1D201AA58B00426B95 /* iwl-scd.h */ = {isa = PBXFileReference; fileEncoding = 4; lastKnownFileType = sourcecode.c.h; path = "iwl-scd.h"; sourceTree = "<group>"; };
		A6B62E1F201AA70700426B95 /* iwl-eeprom-parse.c */ = {isa = PBXFileReference; fileEncoding = 4; lastKnownFileType = sourcecode.c.c; path = "iwl-eeprom-parse.c"; sourceTree = "<group>"; };
		A6B62E20201AA70800426B95 /* iwl-eeprom-read.c */ = {isa = PBXFileReference; fileEncoding = 4; lastKnownFileType = sourcecode.c.c; path = "iwl-eeprom-read.c"; sourceTree = "<group>"; };
		A6B62E21201AA70800426B95 /* iwl-eeprom-read.h */ = {isa = PBXFileReference; fileEncoding = 4; lastKnownFileType = sourcecode.c.h; path = "iwl-eeprom-read.h"; sourceTree = "<group>"; };
		A6C733B92002B86100F03ACA /* IwlDvmOpMode_power.cpp */ = {isa = PBXFileReference; fileEncoding = 4; lastKnownFileType = sourcecode.cpp.cpp; path = IwlDvmOpMode_power.cpp; sourceTree = "<group>"; };
		A6C733BD2002CD1F00F03ACA /* calib.h */ = {isa = PBXFileReference; fileEncoding = 4; lastKnownFileType = sourcecode.c.h; path = calib.h; sourceTree = "<group>"; };
		A6C733BF2002D1A800F03ACA /* IwlDvmOpMode_mac80211.cpp */ = {isa = PBXFileReference; lastKnownFileType = sourcecode.cpp.cpp; path = IwlDvmOpMode_mac80211.cpp; sourceTree = "<group>"; };
		A6C733C12002D57500F03ACA /* IwlDvmOpMode_ucode.cpp */ = {isa = PBXFileReference; lastKnownFileType = sourcecode.cpp.cpp; path = IwlDvmOpMode_ucode.cpp; sourceTree = "<group>"; };
		A6D275E61FF50F8C00F5723B /* firmware_file.h */ = {isa = PBXFileReference; fileEncoding = 4; lastKnownFileType = sourcecode.c.h; path = firmware_file.h; sourceTree = "<group>"; };
		A6E59FE31FF34BA600E86DC0 /* iwl-agn-hw.h */ = {isa = PBXFileReference; fileEncoding = 4; lastKnownFileType = sourcecode.c.h; path = "iwl-agn-hw.h"; sourceTree = "<group>"; };
		A6F3F8931FF783A100F1582E /* cfg80211.h */ = {isa = PBXFileReference; lastKnownFileType = sourcecode.c.h; path = cfg80211.h; sourceTree = "<group>"; };
		A6F3F8961FF78DA400F1582E /* util.c */ = {isa = PBXFileReference; lastKnownFileType = sourcecode.c.c; path = util.c; sourceTree = "<group>"; };
		A6FFAF85201CC1580097ED10 /* IwlDvmOpMode_rs.cpp */ = {isa = PBXFileReference; lastKnownFileType = sourcecode.cpp.cpp; path = IwlDvmOpMode_rs.cpp; sourceTree = "<group>"; };
		A6FFAF88201CF32C0097ED10 /* find_next_bit.c */ = {isa = PBXFileReference; lastKnownFileType = sourcecode.c.c; path = find_next_bit.c; sourceTree = "<group>"; };
/* End PBXFileReference section */

/* Begin PBXFrameworksBuildPhase section */
		A65083701FEFB2DC001300AC /* Frameworks */ = {
			isa = PBXFrameworksBuildPhase;
			buildActionMask = 2147483647;
			files = (
			);
			runOnlyForDeploymentPostprocessing = 0;
		};
/* End PBXFrameworksBuildPhase section */

/* Begin PBXGroup section */
		A61264F81FF200F6006A7AEA /* iwlwifi */ = {
			isa = PBXGroup;
			children = (
				A6B62E1F201AA70700426B95 /* iwl-eeprom-parse.c */,
				A6B62E20201AA70800426B95 /* iwl-eeprom-read.c */,
				A6B62E21201AA70800426B95 /* iwl-eeprom-read.h */,
				A6B62E1D201AA58B00426B95 /* iwl-scd.h */,
				A6B62E1A201A951B00426B95 /* iwl-io.c */,
				A6B62E19201A951A00426B95 /* iwl-io.h */,
				A6B62E16201A8DB500426B95 /* pcie */,
				A6142733200201110093DED7 /* dvm */,
				A61525971FF4B6480094A282 /* cfg */,
				A61525BB1FF4C8810094A282 /* fw */,
				A6D275E61FF50F8C00F5723B /* firmware_file.h */,
				A6E59FE31FF34BA600E86DC0 /* iwl-agn-hw.h */,
				A636DA731FF421B6006AECC9 /* iwl-config.h */,
				A61525C41FF4CED70094A282 /* iwl-context-info.h */,
				A61264F91FF20162006A7AEA /* iwl-csr.h */,
				A61525DB1FF4ED460094A282 /* iwl-debug.h */,
				A61525D21FF4E38C0094A282 /* iwl-drv.c */,
				A61525D31FF4E38C0094A282 /* iwl-drv.h */,
				A611F3EA1FF33BCD001B5538 /* iwl-eeprom-parse.h */,
				A61525B81FF4C52A0094A282 /* iwl-fh.h */,
				A61525C21FF4CE520094A282 /* iwl-modparams.h */,
				A61525B01FF4C2FD0094A282 /* iwl-op-mode.h */,
				A61525B31FF4C48E0094A282 /* iwl-prph.h */,
				A61525D01FF4E30E0094A282 /* iwl-trans.c */,
				A61525CB1FF4CFC60094A282 /* iwl-trans.h */,
			);
			path = iwlwifi;
			sourceTree = "<group>";
		};
		A6142733200201110093DED7 /* dvm */ = {
			isa = PBXGroup;
			children = (
				A6C733BD2002CD1F00F03ACA /* calib.h */,
				A61427442002075B0093DED7 /* agn.h */,
				A6142742200207230093DED7 /* devices.c */,
				A6142740200206A10093DED7 /* tt.h */,
				A614273A200204B80093DED7 /* power.h */,
				A6142738200203220093DED7 /* rs.h */,
				A6142735200202730093DED7 /* commands.h */,
				A6142734200202730093DED7 /* dev.h */,
				A614274620020EAE0093DED7 /* lib.c */,
			);
			path = dvm;
			sourceTree = "<group>";
		};
		A61525971FF4B6480094A282 /* cfg */ = {
			isa = PBXGroup;
			children = (
				A615259B1FF4B6F80094A282 /* 1000.c */,
				A615259F1FF4B6F90094A282 /* 2000.c */,
				A615259C1FF4B6F80094A282 /* 5000.c */,
				A61525991FF4B6F80094A282 /* 6000.c */,
				A615259E1FF4B6F90094A282 /* 7000.c */,
				A61525981FF4B6F80094A282 /* 8000.c */,
				A615259A1FF4B6F80094A282 /* 9000.c */,
				A615259D1FF4B6F90094A282 /* a000.c */,
			);
			path = cfg;
			sourceTree = "<group>";
		};
		A61525A81FF4B70E0094A282 /* porting */ = {
			isa = PBXGroup;
			children = (
				A6F3F8941FF7841D00F1582E /* net */,
				A61525A91FF4B71F0094A282 /* linux */,
			);
			path = porting;
			sourceTree = "<group>";
		};
		A61525A91FF4B71F0094A282 /* linux */ = {
			isa = PBXGroup;
			children = (
				A6FFAF87201CF3190097ED10 /* util */,
				A642B2CB20004F5000264363 /* compiler.h */,
				A642B2C920004F4F00264363 /* list.h */,
				A642B2CA20004F5000264363 /* poison.h */,
				A61525B51FF4C4A30094A282 /* bitfield.h */,
				A61525D61FF4E3C30094A282 /* completion.h */,
				A61525B21FF4C30D0094A282 /* debugfs.h */,
				A61525D71FF4E3D00094A282 /* dma-mapping.h */,
				A61525DA1FF4E40B0094A282 /* export.h */,
				A61525D81FF4E3E30094A282 /* firmware.h */,
				A61525AE1FF4B8970094A282 /* ieee80211.h */,
				A61525CF1FF4CFF60094A282 /* kernel.h */,
				A61525CE1FF4CFE60094A282 /* lockdep.h */,
				A61525CD1FF4CFDE0094A282 /* mm.h */,
				A61525AA1FF4B72C0094A282 /* module.h */,
				A61525AD1FF4B8830094A282 /* netdevice.h */,
				A61525AF1FF4B8A30094A282 /* nl80211.h */,
				A61525AB1FF4B79C0094A282 /* stringify.h */,
				A61525AC1FF4B86E0094A282 /* types.h */,
				A61525D91FF4E3F70094A282 /* vmalloc.h */,
				A61436821FFC193C00852FEC /* irqreturn.h */,
				A63CB75A2010EE2A0097DA79 /* etherdevice.h */,
				A63CB76120110D360097DA79 /* mac80211.h */,
			);
			path = linux;
			sourceTree = "<group>";
		};
		A61525BB1FF4C8810094A282 /* fw */ = {
			isa = PBXGroup;
			children = (
				A614273D200205480093DED7 /* notif-wait.c */,
				A614273C200205480093DED7 /* notif-wait.h */,
				A61525C61FF4CF530094A282 /* api */,
				A61525C01FF4CB760094A282 /* img.h */,
				A61525BE1FF4C9600094A282 /* error-dump.h */,
				A61525BC1FF4C89D0094A282 /* file.h */,
			);
			path = fw;
			sourceTree = "<group>";
		};
		A61525C61FF4CF530094A282 /* api */ = {
			isa = PBXGroup;
			children = (
				A61427272001BF090093DED7 /* tx.h */,
				A61525C91FF4CF900094A282 /* txq.h */,
				A61525C71FF4CF6A0094A282 /* cmdhdr.h */,
			);
			path = api;
			sourceTree = "<group>";
		};
		A650836A1FEFB2DC001300AC = {
			isa = PBXGroup;
			children = (
				A65083761FEFB2DC001300AC /* IntelWifi */,
				A65083751FEFB2DC001300AC /* Products */,
				A65CD61C1FF1D201004AA810 /* README.md */,
			);
			sourceTree = "<group>";
		};
		A65083751FEFB2DC001300AC /* Products */ = {
			isa = PBXGroup;
			children = (
				A65083741FEFB2DC001300AC /* IntelWifi.kext */,
			);
			name = Products;
			sourceTree = "<group>";
		};
		A65083761FEFB2DC001300AC /* IntelWifi */ = {
			isa = PBXGroup;
			children = (
				A61525A81FF4B70E0094A282 /* porting */,
				A61264F81FF200F6006A7AEA /* iwlwifi */,
				A65083771FEFB2DC001300AC /* IntelWifi.hpp */,
				A65083791FEFB2DC001300AC /* IntelWifi.cpp */,
				A614367A1FFAEA5B00852FEC /* IntelWifi_trans.cpp */,
				A632A3BD1FFEB01B006B1128 /* IntelWifi_trans-gen2.cpp */,
				A61436801FFC063900852FEC /* IntelWifi_rx.cpp */,
				A61427252001B3760093DED7 /* IntelWifi_tx.cpp */,
				A614272F2001F6960093DED7 /* IntelWifi_ops.cpp */,
				A614272A2001F3690093DED7 /* IwlTransOps.h */,
				A650837B1FEFB2DC001300AC /* Info.plist */,
				A65CD61E1FF1D2BB004AA810 /* Logging.h */,
				A614367C1FFAF8FD00852FEC /* Configuration.c */,
				A614367D1FFAF8FD00852FEC /* Configuration.h */,
				A61427292001F2DC0093DED7 /* IwlOpModeOps.h */,
				A614272C2001F3F10093DED7 /* IwlDvmOpMode.hpp */,
				A61427312001FB660093DED7 /* IwlDvmOpMode.cpp */,
				A60CB43F2012D802002FB239 /* IwlDvmOpMode_scan.cpp */,
				A607F0462011468600F9B75D /* IwlDvmOpMode_rx.cpp */,
				A6C733B92002B86100F03ACA /* IwlDvmOpMode_power.cpp */,
				A63CB75F201100F10097DA79 /* IwlDvmOpMode_calib.cpp */,
				A6FFAF85201CC1580097ED10 /* IwlDvmOpMode_rs.cpp */,
				A63CB75D2010FDA00097DA79 /* IwlDvmOpMode_rxon.cpp */,
				A63CB75B2010FB5E0097DA79 /* IwlDvmOpMode_lib.cpp */,
				A614272B2001F3F10093DED7 /* IwlDvmOpMode_main.cpp */,
				A63CB758200FF46D0097DA79 /* IwlDvmOpMode_sta.cpp */,
				A6C733C12002D57500F03ACA /* IwlDvmOpMode_ucode.cpp */,
				A6C733BF2002D1A800F03ACA /* IwlDvmOpMode_mac80211.cpp */,
			);
			path = IntelWifi;
			sourceTree = "<group>";
		};
		A6B62E16201A8DB500426B95 /* pcie */ = {
			isa = PBXGroup;
			children = (
				A61873D21FF63DC800F9252C /* internal.h */,
				A6B62E17201A8ED300426B95 /* trans.c */,
			);
			path = pcie;
			sourceTree = "<group>";
		};
		A6F3F8941FF7841D00F1582E /* net */ = {
			isa = PBXGroup;
			children = (
				A6F3F8951FF78D9100F1582E /* wireless */,
				A6F3F8931FF783A100F1582E /* cfg80211.h */,
			);
			path = net;
			sourceTree = "<group>";
		};
		A6F3F8951FF78D9100F1582E /* wireless */ = {
			isa = PBXGroup;
			children = (
				A6F3F8961FF78DA400F1582E /* util.c */,
			);
			path = wireless;
			sourceTree = "<group>";
		};
		A6FFAF87201CF3190097ED10 /* util */ = {
			isa = PBXGroup;
			children = (
				A6FFAF88201CF32C0097ED10 /* find_next_bit.c */,
			);
			path = util;
			sourceTree = "<group>";
		};
/* End PBXGroup section */

/* Begin PBXHeadersBuildPhase section */
		A65083711FEFB2DC001300AC /* Headers */ = {
			isa = PBXHeadersBuildPhase;
			buildActionMask = 2147483647;
			files = (
				A61525C31FF4CE520094A282 /* iwl-modparams.h in Headers */,
				A614272E2001F3F10093DED7 /* IwlDvmOpMode.hpp in Headers */,
				A6142736200202730093DED7 /* dev.h in Headers */,
				A61525C11FF4CB760094A282 /* img.h in Headers */,
				A61525BD1FF4C89D0094A282 /* file.h in Headers */,
				A6D275E71FF50F8C00F5723B /* firmware_file.h in Headers */,
				A614273E200205480093DED7 /* notif-wait.h in Headers */,
				A61264FA1FF20162006A7AEA /* iwl-csr.h in Headers */,
				A6142739200203220093DED7 /* rs.h in Headers */,
				A614367F1FFAF8FD00852FEC /* Configuration.h in Headers */,
				A642B2CC20004F5000264363 /* list.h in Headers */,
				A642B2CE20004F5000264363 /* compiler.h in Headers */,
				A6B62E1E201AA58C00426B95 /* iwl-scd.h in Headers */,
				A614273B200204B90093DED7 /* power.h in Headers */,
				A61525C51FF4CED70094A282 /* iwl-context-info.h in Headers */,
				A61525BF1FF4C9600094A282 /* error-dump.h in Headers */,
				A6B62E24201AA70900426B95 /* iwl-eeprom-read.h in Headers */,
				A61525C81FF4CF6A0094A282 /* cmdhdr.h in Headers */,
				A61427452002075B0093DED7 /* agn.h in Headers */,
				A61525D51FF4E38D0094A282 /* iwl-drv.h in Headers */,
				A6142737200202730093DED7 /* commands.h in Headers */,
				A6142741200206A20093DED7 /* tt.h in Headers */,
				A642B2CD20004F5000264363 /* poison.h in Headers */,
				A61525CA1FF4CF900094A282 /* txq.h in Headers */,
				A6E59FE41FF34BA600E86DC0 /* iwl-agn-hw.h in Headers */,
				A61525B41FF4C48E0094A282 /* iwl-prph.h in Headers */,
				A61525CC1FF4CFC60094A282 /* iwl-trans.h in Headers */,
				A61525B11FF4C2FD0094A282 /* iwl-op-mode.h in Headers */,
				A6C733BE2002CD1F00F03ACA /* calib.h in Headers */,
				A636DA741FF421B7006AECC9 /* iwl-config.h in Headers */,
				A6B62E1B201A951B00426B95 /* iwl-io.h in Headers */,
				A65083781FEFB2DC001300AC /* IntelWifi.hpp in Headers */,
				A61525B91FF4C52A0094A282 /* iwl-fh.h in Headers */,
				A61427282001BF090093DED7 /* tx.h in Headers */,
			);
			runOnlyForDeploymentPostprocessing = 0;
		};
/* End PBXHeadersBuildPhase section */

/* Begin PBXNativeTarget section */
		A65083731FEFB2DC001300AC /* IntelWifi */ = {
			isa = PBXNativeTarget;
			buildConfigurationList = A650837E1FEFB2DC001300AC /* Build configuration list for PBXNativeTarget "IntelWifi" */;
			buildPhases = (
				A650836F1FEFB2DC001300AC /* Sources */,
				A65083701FEFB2DC001300AC /* Frameworks */,
				A65083711FEFB2DC001300AC /* Headers */,
				A65083721FEFB2DC001300AC /* Resources */,
			);
			buildRules = (
			);
			dependencies = (
			);
			name = IntelWifi;
			productName = IntelWifi;
			productReference = A65083741FEFB2DC001300AC /* IntelWifi.kext */;
			productType = "com.apple.product-type.kernel-extension";
		};
/* End PBXNativeTarget section */

/* Begin PBXProject section */
		A650836B1FEFB2DC001300AC /* Project object */ = {
			isa = PBXProject;
			attributes = {
				LastUpgradeCheck = 0920;
				ORGANIZATIONNAME = "Roman Peshkov";
				TargetAttributes = {
					A65083731FEFB2DC001300AC = {
						CreatedOnToolsVersion = 9.2;
						ProvisioningStyle = Automatic;
					};
				};
			};
			buildConfigurationList = A650836E1FEFB2DC001300AC /* Build configuration list for PBXProject "IntelWifi" */;
			compatibilityVersion = "Xcode 8.0";
			developmentRegion = en;
			hasScannedForEncodings = 0;
			knownRegions = (
				en,
			);
			mainGroup = A650836A1FEFB2DC001300AC;
			productRefGroup = A65083751FEFB2DC001300AC /* Products */;
			projectDirPath = "";
			projectRoot = "";
			targets = (
				A65083731FEFB2DC001300AC /* IntelWifi */,
			);
		};
/* End PBXProject section */

/* Begin PBXResourcesBuildPhase section */
		A65083721FEFB2DC001300AC /* Resources */ = {
			isa = PBXResourcesBuildPhase;
			buildActionMask = 2147483647;
			files = (
				A65CD61D1FF1D201004AA810 /* README.md in Resources */,
			);
			runOnlyForDeploymentPostprocessing = 0;
		};
/* End PBXResourcesBuildPhase section */

/* Begin PBXSourcesBuildPhase section */
		A650836F1FEFB2DC001300AC /* Sources */ = {
			isa = PBXSourcesBuildPhase;
			buildActionMask = 2147483647;
			files = (
				A61525D41FF4E38D0094A282 /* iwl-drv.c in Sources */,
				A63CB760201100F10097DA79 /* IwlDvmOpMode_calib.cpp in Sources */,
				A63CB75C2010FB5E0097DA79 /* IwlDvmOpMode_lib.cpp in Sources */,
				A61427322001FB660093DED7 /* IwlDvmOpMode.cpp in Sources */,
				A63CB75E2010FDA00097DA79 /* IwlDvmOpMode_rxon.cpp in Sources */,
				A61525A61FF4B6F90094A282 /* 7000.c in Sources */,
				A61525A11FF4B6F90094A282 /* 6000.c in Sources */,
				A61427262001B3760093DED7 /* IntelWifi_tx.cpp in Sources */,
				A6C733BA2002B86100F03ACA /* IwlDvmOpMode_power.cpp in Sources */,
				A6B62E18201A8ED300426B95 /* trans.c in Sources */,
				A614273F200205480093DED7 /* notif-wait.c in Sources */,
				A632A3BE1FFEB01B006B1128 /* IntelWifi_trans-gen2.cpp in Sources */,
				A63CB759200FF46D0097DA79 /* IwlDvmOpMode_sta.cpp in Sources */,
				A6B62E1C201A951B00426B95 /* iwl-io.c in Sources */,
				A61525A71FF4B6F90094A282 /* 2000.c in Sources */,
				A61525D11FF4E30F0094A282 /* iwl-trans.c in Sources */,
				A6B62E23201AA70900426B95 /* iwl-eeprom-read.c in Sources */,
				A650837A1FEFB2DC001300AC /* IntelWifi.cpp in Sources */,
				A614367E1FFAF8FD00852FEC /* Configuration.c in Sources */,
				A6C733C22002D57500F03ACA /* IwlDvmOpMode_ucode.cpp in Sources */,
				A607F0472011468600F9B75D /* IwlDvmOpMode_rx.cpp in Sources */,
				A6142743200207230093DED7 /* devices.c in Sources */,
				A6B62E22201AA70900426B95 /* iwl-eeprom-parse.c in Sources */,
				A61525A41FF4B6F90094A282 /* 5000.c in Sources */,
				A6C733C02002D1A800F03ACA /* IwlDvmOpMode_mac80211.cpp in Sources */,
				A6FFAF89201CF32C0097ED10 /* find_next_bit.c in Sources */,
				A61436811FFC063900852FEC /* IntelWifi_rx.cpp in Sources */,
				A6F3F8971FF78DA400F1582E /* util.c in Sources */,
				A61525A21FF4B6F90094A282 /* 9000.c in Sources */,
				A614274720020EAE0093DED7 /* lib.c in Sources */,
				A614367B1FFAEA5B00852FEC /* IntelWifi_trans.cpp in Sources */,
				A614272D2001F3F10093DED7 /* IwlDvmOpMode_main.cpp in Sources */,
				A61525A01FF4B6F90094A282 /* 8000.c in Sources */,
				A61427302001F6960093DED7 /* IntelWifi_ops.cpp in Sources */,
				A61525A31FF4B6F90094A282 /* 1000.c in Sources */,
				A61525A51FF4B6F90094A282 /* a000.c in Sources */,
				A60CB4402012D802002FB239 /* IwlDvmOpMode_scan.cpp in Sources */,
				A6FFAF86201CC1580097ED10 /* IwlDvmOpMode_rs.cpp in Sources */,
			);
			runOnlyForDeploymentPostprocessing = 0;
		};
/* End PBXSourcesBuildPhase section */

/* Begin XCBuildConfiguration section */
		A650837C1FEFB2DC001300AC /* Debug */ = {
			isa = XCBuildConfiguration;
			buildSettings = {
				ALWAYS_SEARCH_USER_PATHS = NO;
				CLANG_ANALYZER_NONNULL = YES;
				CLANG_ANALYZER_NUMBER_OBJECT_CONVERSION = YES_AGGRESSIVE;
				CLANG_CXX_LANGUAGE_STANDARD = "gnu++14";
				CLANG_CXX_LIBRARY = "libc++";
				CLANG_ENABLE_MODULES = YES;
				CLANG_ENABLE_OBJC_ARC = YES;
				CLANG_WARN_BLOCK_CAPTURE_AUTORELEASING = YES;
				CLANG_WARN_BOOL_CONVERSION = YES;
				CLANG_WARN_COMMA = YES;
				CLANG_WARN_CONSTANT_CONVERSION = YES;
				CLANG_WARN_DIRECT_OBJC_ISA_USAGE = YES_ERROR;
				CLANG_WARN_DOCUMENTATION_COMMENTS = YES;
				CLANG_WARN_EMPTY_BODY = YES;
				CLANG_WARN_ENUM_CONVERSION = YES;
				CLANG_WARN_INFINITE_RECURSION = YES;
				CLANG_WARN_INT_CONVERSION = YES;
				CLANG_WARN_NON_LITERAL_NULL_CONVERSION = YES;
				CLANG_WARN_OBJC_LITERAL_CONVERSION = YES;
				CLANG_WARN_OBJC_ROOT_CLASS = YES_ERROR;
				CLANG_WARN_RANGE_LOOP_ANALYSIS = YES;
				CLANG_WARN_STRICT_PROTOTYPES = YES;
				CLANG_WARN_SUSPICIOUS_MOVE = YES;
				CLANG_WARN_UNGUARDED_AVAILABILITY = YES_AGGRESSIVE;
				CLANG_WARN_UNREACHABLE_CODE = YES;
				CLANG_WARN__DUPLICATE_METHOD_MATCH = YES;
				CODE_SIGN_IDENTITY = "-";
				COPY_PHASE_STRIP = NO;
				DEBUG_INFORMATION_FORMAT = dwarf;
				ENABLE_STRICT_OBJC_MSGSEND = YES;
				ENABLE_TESTABILITY = YES;
				GCC_C_LANGUAGE_STANDARD = gnu11;
				GCC_DYNAMIC_NO_PIC = NO;
				GCC_NO_COMMON_BLOCKS = YES;
				GCC_OPTIMIZATION_LEVEL = 0;
				GCC_PREPROCESSOR_DEFINITIONS = (
					"DEBUG=1",
					"$(inherited)",
				);
				GCC_WARN_64_TO_32_BIT_CONVERSION = YES;
				GCC_WARN_ABOUT_RETURN_TYPE = YES_ERROR;
				GCC_WARN_UNDECLARED_SELECTOR = YES;
				GCC_WARN_UNINITIALIZED_AUTOS = YES_AGGRESSIVE;
				GCC_WARN_UNUSED_FUNCTION = YES;
				GCC_WARN_UNUSED_VARIABLE = YES;
				MACOSX_DEPLOYMENT_TARGET = 10.12;
				MTL_ENABLE_DEBUG_INFO = YES;
				ONLY_ACTIVE_ARCH = YES;
				SDKROOT = macosx;
			};
			name = Debug;
		};
		A650837D1FEFB2DC001300AC /* Release */ = {
			isa = XCBuildConfiguration;
			buildSettings = {
				ALWAYS_SEARCH_USER_PATHS = NO;
				CLANG_ANALYZER_NONNULL = YES;
				CLANG_ANALYZER_NUMBER_OBJECT_CONVERSION = YES_AGGRESSIVE;
				CLANG_CXX_LANGUAGE_STANDARD = "gnu++14";
				CLANG_CXX_LIBRARY = "libc++";
				CLANG_ENABLE_MODULES = YES;
				CLANG_ENABLE_OBJC_ARC = YES;
				CLANG_WARN_BLOCK_CAPTURE_AUTORELEASING = YES;
				CLANG_WARN_BOOL_CONVERSION = YES;
				CLANG_WARN_COMMA = YES;
				CLANG_WARN_CONSTANT_CONVERSION = YES;
				CLANG_WARN_DIRECT_OBJC_ISA_USAGE = YES_ERROR;
				CLANG_WARN_DOCUMENTATION_COMMENTS = YES;
				CLANG_WARN_EMPTY_BODY = YES;
				CLANG_WARN_ENUM_CONVERSION = YES;
				CLANG_WARN_INFINITE_RECURSION = YES;
				CLANG_WARN_INT_CONVERSION = YES;
				CLANG_WARN_NON_LITERAL_NULL_CONVERSION = YES;
				CLANG_WARN_OBJC_LITERAL_CONVERSION = YES;
				CLANG_WARN_OBJC_ROOT_CLASS = YES_ERROR;
				CLANG_WARN_RANGE_LOOP_ANALYSIS = YES;
				CLANG_WARN_STRICT_PROTOTYPES = YES;
				CLANG_WARN_SUSPICIOUS_MOVE = YES;
				CLANG_WARN_UNGUARDED_AVAILABILITY = YES_AGGRESSIVE;
				CLANG_WARN_UNREACHABLE_CODE = YES;
				CLANG_WARN__DUPLICATE_METHOD_MATCH = YES;
				CODE_SIGN_IDENTITY = "-";
				COPY_PHASE_STRIP = NO;
				DEBUG_INFORMATION_FORMAT = "dwarf-with-dsym";
				ENABLE_NS_ASSERTIONS = NO;
				ENABLE_STRICT_OBJC_MSGSEND = YES;
				GCC_C_LANGUAGE_STANDARD = gnu11;
				GCC_NO_COMMON_BLOCKS = YES;
				GCC_WARN_64_TO_32_BIT_CONVERSION = YES;
				GCC_WARN_ABOUT_RETURN_TYPE = YES_ERROR;
				GCC_WARN_UNDECLARED_SELECTOR = YES;
				GCC_WARN_UNINITIALIZED_AUTOS = YES_AGGRESSIVE;
				GCC_WARN_UNUSED_FUNCTION = YES;
				GCC_WARN_UNUSED_VARIABLE = YES;
				MACOSX_DEPLOYMENT_TARGET = 10.12;
				MTL_ENABLE_DEBUG_INFO = NO;
				SDKROOT = macosx;
			};
			name = Release;
		};
		A650837F1FEFB2DC001300AC /* Debug */ = {
			isa = XCBuildConfiguration;
			buildSettings = {
				CLANG_WARN_DOCUMENTATION_COMMENTS = NO;
				CODE_SIGN_STYLE = Automatic;
				COMBINE_HIDPI_IMAGES = YES;
				CURRENT_PROJECT_VERSION = 1.0.0d1;
				DEVELOPMENT_TEAM = 3MRY8X5EYM;
				GCC_PREPROCESSOR_DEFINITIONS = (
					"CONFIG_IWLWIFI_DEBUG=1",
					"DEBUG=1",
					"$(inherited)",
				);
				GCC_TREAT_IMPLICIT_FUNCTION_DECLARATIONS_AS_ERRORS = YES;
				HEADER_SEARCH_PATHS = IntelWifi/porting/;
				INFOPLIST_FILE = IntelWifi/Info.plist;
				MACOSX_DEPLOYMENT_TARGET = 10.12;
				MODULE_NAME = net.rpeshkov.IntelWifi;
				MODULE_VERSION = 1.0.0d1;
				PRODUCT_BUNDLE_IDENTIFIER = net.rpeshkov.IntelWifi;
				PRODUCT_NAME = "$(TARGET_NAME)";
				SDKROOT = macosx10.12;
				SYSTEM_HEADER_SEARCH_PATHS = IntelWifi/porting/;
				WARNING_CFLAGS = "-Wno-inconsistent-missing-override";
				WRAPPER_EXTENSION = kext;
			};
			name = Debug;
		};
		A65083801FEFB2DC001300AC /* Release */ = {
			isa = XCBuildConfiguration;
			buildSettings = {
				CLANG_WARN_DOCUMENTATION_COMMENTS = NO;
				CODE_SIGN_STYLE = Automatic;
				COMBINE_HIDPI_IMAGES = YES;
				CURRENT_PROJECT_VERSION = 1.0.0d1;
				DEVELOPMENT_TEAM = 3MRY8X5EYM;
				GCC_TREAT_IMPLICIT_FUNCTION_DECLARATIONS_AS_ERRORS = YES;
				HEADER_SEARCH_PATHS = IntelWifi/porting/;
				INFOPLIST_FILE = IntelWifi/Info.plist;
				MACOSX_DEPLOYMENT_TARGET = 10.12;
				MODULE_NAME = net.rpeshkov.IntelWifi;
				MODULE_VERSION = 1.0.0d1;
				PRODUCT_BUNDLE_IDENTIFIER = net.rpeshkov.IntelWifi;
				PRODUCT_NAME = "$(TARGET_NAME)";
				SDKROOT = macosx10.12;
				SYSTEM_HEADER_SEARCH_PATHS = IntelWifi/porting/;
				WARNING_CFLAGS = "-Wno-inconsistent-missing-override";
				WRAPPER_EXTENSION = kext;
			};
			name = Release;
		};
/* End XCBuildConfiguration section */

/* Begin XCConfigurationList section */
		A650836E1FEFB2DC001300AC /* Build configuration list for PBXProject "IntelWifi" */ = {
			isa = XCConfigurationList;
			buildConfigurations = (
				A650837C1FEFB2DC001300AC /* Debug */,
				A650837D1FEFB2DC001300AC /* Release */,
			);
			defaultConfigurationIsVisible = 0;
			defaultConfigurationName = Release;
		};
		A650837E1FEFB2DC001300AC /* Build configuration list for PBXNativeTarget "IntelWifi" */ = {
			isa = XCConfigurationList;
			buildConfigurations = (
				A650837F1FEFB2DC001300AC /* Debug */,
				A65083801FEFB2DC001300AC /* Release */,
			);
			defaultConfigurationIsVisible = 0;
			defaultConfigurationName = Release;
		};
/* End XCConfigurationList section */
	};
	rootObject = A650836B1FEFB2DC001300AC /* Project object */;
}
