// !$*UTF8*$!
{
	archiveVersion = 1;
	classes = {
	};
	objectVersion = 48;
	objects = {

/* Begin PBXBuildFile section */
		A65083781FEFB2DC001300AC /* IntelWifi.hpp in Headers */ = {isa = PBXBuildFile; fileRef = A65083771FEFB2DC001300AC /* IntelWifi.hpp */; };
		A650837A1FEFB2DC001300AC /* IntelWifi.cpp in Sources */ = {isa = PBXBuildFile; fileRef = A65083791FEFB2DC001300AC /* IntelWifi.cpp */; };
		A65CD61D1FF1D201004AA810 /* README.md in Resources */ = {isa = PBXBuildFile; fileRef = A65CD61C1FF1D201004AA810 /* README.md */; };
/* End PBXBuildFile section */

/* Begin PBXFileReference section */
		A65083741FEFB2DC001300AC /* IntelWifi.kext */ = {isa = PBXFileReference; explicitFileType = wrapper.cfbundle; includeInIndex = 0; path = IntelWifi.kext; sourceTree = BUILT_PRODUCTS_DIR; };
		A65083771FEFB2DC001300AC /* IntelWifi.hpp */ = {isa = PBXFileReference; lastKnownFileType = sourcecode.cpp.h; path = IntelWifi.hpp; sourceTree = "<group>"; };
		A65083791FEFB2DC001300AC /* IntelWifi.cpp */ = {isa = PBXFileReference; lastKnownFileType = sourcecode.cpp.cpp; path = IntelWifi.cpp; sourceTree = "<group>"; };
		A650837B1FEFB2DC001300AC /* Info.plist */ = {isa = PBXFileReference; lastKnownFileType = text.plist.xml; path = Info.plist; sourceTree = "<group>"; };
		A65CD61C1FF1D201004AA810 /* README.md */ = {isa = PBXFileReference; fileEncoding = 4; lastKnownFileType = net.daringfireball.markdown; path = README.md; sourceTree = "<group>"; };
		A65CD61E1FF1D2BB004AA810 /* Logging.h */ = {isa = PBXFileReference; lastKnownFileType = sourcecode.c.h; path = Logging.h; sourceTree = "<group>"; };
/* End PBXFileReference section */

/* Begin PBXFrameworksBuildPhase section */
		A65083701FEFB2DC001300AC /* Frameworks */ = {
			isa = PBXFrameworksBuildPhase;
			buildActionMask = 2147483647;
			files = (
			);
			runOnlyForDeploymentPostprocessing = 0;
		};
/* End PBXFrameworksBuildPhase section */

/* Begin PBXGroup section */
		A650836A1FEFB2DC001300AC = {
			isa = PBXGroup;
			children = (
				A65083761FEFB2DC001300AC /* IntelWifi */,
				A65083751FEFB2DC001300AC /* Products */,
				A65CD61C1FF1D201004AA810 /* README.md */,
			);
			sourceTree = "<group>";
		};
		A65083751FEFB2DC001300AC /* Products */ = {
			isa = PBXGroup;
			children = (
				A65083741FEFB2DC001300AC /* IntelWifi.kext */,
			);
			name = Products;
			sourceTree = "<group>";
		};
		A65083761FEFB2DC001300AC /* IntelWifi */ = {
			isa = PBXGroup;
			children = (
				A65083771FEFB2DC001300AC /* IntelWifi.hpp */,
				A65083791FEFB2DC001300AC /* IntelWifi.cpp */,
				A650837B1FEFB2DC001300AC /* Info.plist */,
				A65CD61E1FF1D2BB004AA810 /* Logging.h */,
			);
			path = IntelWifi;
			sourceTree = "<group>";
		};
/* End PBXGroup section */

/* Begin PBXHeadersBuildPhase section */
		A65083711FEFB2DC001300AC /* Headers */ = {
			isa = PBXHeadersBuildPhase;
			buildActionMask = 2147483647;
			files = (
				A65083781FEFB2DC001300AC /* IntelWifi.hpp in Headers */,
			);
			runOnlyForDeploymentPostprocessing = 0;
		};
/* End PBXHeadersBuildPhase section */

/* Begin PBXNativeTarget section */
		A65083731FEFB2DC001300AC /* IntelWifi */ = {
			isa = PBXNativeTarget;
			buildConfigurationList = A650837E1FEFB2DC001300AC /* Build configuration list for PBXNativeTarget "IntelWifi" */;
			buildPhases = (
				A650836F1FEFB2DC001300AC /* Sources */,
				A65083701FEFB2DC001300AC /* Frameworks */,
				A65083711FEFB2DC001300AC /* Headers */,
				A65083721FEFB2DC001300AC /* Resources */,
			);
			buildRules = (
			);
			dependencies = (
			);
			name = IntelWifi;
			productName = IntelWifi;
			productReference = A65083741FEFB2DC001300AC /* IntelWifi.kext */;
			productType = "com.apple.product-type.kernel-extension";
		};
/* End PBXNativeTarget section */

/* Begin PBXProject section */
		A650836B1FEFB2DC001300AC /* Project object */ = {
			isa = PBXProject;
			attributes = {
				LastUpgradeCheck = 0920;
				ORGANIZATIONNAME = "Roman Peshkov";
				TargetAttributes = {
					A65083731FEFB2DC001300AC = {
						CreatedOnToolsVersion = 9.2;
						ProvisioningStyle = Automatic;
					};
				};
			};
			buildConfigurationList = A650836E1FEFB2DC001300AC /* Build configuration list for PBXProject "IntelWifi" */;
			compatibilityVersion = "Xcode 8.0";
			developmentRegion = en;
			hasScannedForEncodings = 0;
			knownRegions = (
				en,
			);
			mainGroup = A650836A1FEFB2DC001300AC;
			productRefGroup = A65083751FEFB2DC001300AC /* Products */;
			projectDirPath = "";
			projectRoot = "";
			targets = (
				A65083731FEFB2DC001300AC /* IntelWifi */,
			);
		};
/* End PBXProject section */

/* Begin PBXResourcesBuildPhase section */
		A65083721FEFB2DC001300AC /* Resources */ = {
			isa = PBXResourcesBuildPhase;
			buildActionMask = 2147483647;
			files = (
				A65CD61D1FF1D201004AA810 /* README.md in Resources */,
			);
			runOnlyForDeploymentPostprocessing = 0;
		};
/* End PBXResourcesBuildPhase section */

/* Begin PBXSourcesBuildPhase section */
		A650836F1FEFB2DC001300AC /* Sources */ = {
			isa = PBXSourcesBuildPhase;
			buildActionMask = 2147483647;
			files = (
				A650837A1FEFB2DC001300AC /* IntelWifi.cpp in Sources */,
			);
			runOnlyForDeploymentPostprocessing = 0;
		};
/* End PBXSourcesBuildPhase section */

/* Begin XCBuildConfiguration section */
		A650837C1FEFB2DC001300AC /* Debug */ = {
			isa = XCBuildConfiguration;
			buildSettings = {
				ALWAYS_SEARCH_USER_PATHS = NO;
				CLANG_ANALYZER_NONNULL = YES;
				CLANG_ANALYZER_NUMBER_OBJECT_CONVERSION = YES_AGGRESSIVE;
				CLANG_CXX_LANGUAGE_STANDARD = "gnu++14";
				CLANG_CXX_LIBRARY = "libc++";
				CLANG_ENABLE_MODULES = YES;
				CLANG_ENABLE_OBJC_ARC = YES;
				CLANG_WARN_BLOCK_CAPTURE_AUTORELEASING = YES;
				CLANG_WARN_BOOL_CONVERSION = YES;
				CLANG_WARN_COMMA = YES;
				CLANG_WARN_CONSTANT_CONVERSION = YES;
				CLANG_WARN_DIRECT_OBJC_ISA_USAGE = YES_ERROR;
				CLANG_WARN_DOCUMENTATION_COMMENTS = YES;
				CLANG_WARN_EMPTY_BODY = YES;
				CLANG_WARN_ENUM_CONVERSION = YES;
				CLANG_WARN_INFINITE_RECURSION = YES;
				CLANG_WARN_INT_CONVERSION = YES;
				CLANG_WARN_NON_LITERAL_NULL_CONVERSION = YES;
				CLANG_WARN_OBJC_LITERAL_CONVERSION = YES;
				CLANG_WARN_OBJC_ROOT_CLASS = YES_ERROR;
				CLANG_WARN_RANGE_LOOP_ANALYSIS = YES;
				CLANG_WARN_STRICT_PROTOTYPES = YES;
				CLANG_WARN_SUSPICIOUS_MOVE = YES;
				CLANG_WARN_UNGUARDED_AVAILABILITY = YES_AGGRESSIVE;
				CLANG_WARN_UNREACHABLE_CODE = YES;
				CLANG_WARN__DUPLICATE_METHOD_MATCH = YES;
				CODE_SIGN_IDENTITY = "-";
				COPY_PHASE_STRIP = NO;
				DEBUG_INFORMATION_FORMAT = dwarf;
				ENABLE_STRICT_OBJC_MSGSEND = YES;
				ENABLE_TESTABILITY = YES;
				GCC_C_LANGUAGE_STANDARD = gnu11;
				GCC_DYNAMIC_NO_PIC = NO;
				GCC_NO_COMMON_BLOCKS = YES;
				GCC_OPTIMIZATION_LEVEL = 0;
				GCC_PREPROCESSOR_DEFINITIONS = (
					"DEBUG=1",
					"$(inherited)",
				);
				GCC_WARN_64_TO_32_BIT_CONVERSION = YES;
				GCC_WARN_ABOUT_RETURN_TYPE = YES_ERROR;
				GCC_WARN_UNDECLARED_SELECTOR = YES;
				GCC_WARN_UNINITIALIZED_AUTOS = YES_AGGRESSIVE;
				GCC_WARN_UNUSED_FUNCTION = YES;
				GCC_WARN_UNUSED_VARIABLE = YES;
				MACOSX_DEPLOYMENT_TARGET = 10.12;
				MTL_ENABLE_DEBUG_INFO = YES;
				ONLY_ACTIVE_ARCH = YES;
				SDKROOT = macosx;
			};
			name = Debug;
		};
		A650837D1FEFB2DC001300AC /* Release */ = {
			isa = XCBuildConfiguration;
			buildSettings = {
				ALWAYS_SEARCH_USER_PATHS = NO;
				CLANG_ANALYZER_NONNULL = YES;
				CLANG_ANALYZER_NUMBER_OBJECT_CONVERSION = YES_AGGRESSIVE;
				CLANG_CXX_LANGUAGE_STANDARD = "gnu++14";
				CLANG_CXX_LIBRARY = "libc++";
				CLANG_ENABLE_MODULES = YES;
				CLANG_ENABLE_OBJC_ARC = YES;
				CLANG_WARN_BLOCK_CAPTURE_AUTORELEASING = YES;
				CLANG_WARN_BOOL_CONVERSION = YES;
				CLANG_WARN_COMMA = YES;
				CLANG_WARN_CONSTANT_CONVERSION = YES;
				CLANG_WARN_DIRECT_OBJC_ISA_USAGE = YES_ERROR;
				CLANG_WARN_DOCUMENTATION_COMMENTS = YES;
				CLANG_WARN_EMPTY_BODY = YES;
				CLANG_WARN_ENUM_CONVERSION = YES;
				CLANG_WARN_INFINITE_RECURSION = YES;
				CLANG_WARN_INT_CONVERSION = YES;
				CLANG_WARN_NON_LITERAL_NULL_CONVERSION = YES;
				CLANG_WARN_OBJC_LITERAL_CONVERSION = YES;
				CLANG_WARN_OBJC_ROOT_CLASS = YES_ERROR;
				CLANG_WARN_RANGE_LOOP_ANALYSIS = YES;
				CLANG_WARN_STRICT_PROTOTYPES = YES;
				CLANG_WARN_SUSPICIOUS_MOVE = YES;
				CLANG_WARN_UNGUARDED_AVAILABILITY = YES_AGGRESSIVE;
				CLANG_WARN_UNREACHABLE_CODE = YES;
				CLANG_WARN__DUPLICATE_METHOD_MATCH = YES;
				CODE_SIGN_IDENTITY = "-";
				COPY_PHASE_STRIP = NO;
				DEBUG_INFORMATION_FORMAT = "dwarf-with-dsym";
				ENABLE_NS_ASSERTIONS = NO;
				ENABLE_STRICT_OBJC_MSGSEND = YES;
				GCC_C_LANGUAGE_STANDARD = gnu11;
				GCC_NO_COMMON_BLOCKS = YES;
				GCC_WARN_64_TO_32_BIT_CONVERSION = YES;
				GCC_WARN_ABOUT_RETURN_TYPE = YES_ERROR;
				GCC_WARN_UNDECLARED_SELECTOR = YES;
				GCC_WARN_UNINITIALIZED_AUTOS = YES_AGGRESSIVE;
				GCC_WARN_UNUSED_FUNCTION = YES;
				GCC_WARN_UNUSED_VARIABLE = YES;
				MACOSX_DEPLOYMENT_TARGET = 10.12;
				MTL_ENABLE_DEBUG_INFO = NO;
				SDKROOT = macosx;
			};
			name = Release;
		};
		A650837F1FEFB2DC001300AC /* Debug */ = {
			isa = XCBuildConfiguration;
			buildSettings = {
				CODE_SIGN_STYLE = Automatic;
				COMBINE_HIDPI_IMAGES = YES;
				CURRENT_PROJECT_VERSION = 1.0.0d1;
				DEVELOPMENT_TEAM = 3MRY8X5EYM;
				INFOPLIST_FILE = IntelWifi/Info.plist;
				MACOSX_DEPLOYMENT_TARGET = 10.12;
				MODULE_NAME = net.rpeshkov.IntelWifi;
				MODULE_VERSION = 1.0.0d1;
				PRODUCT_BUNDLE_IDENTIFIER = net.rpeshkov.IntelWifi;
				PRODUCT_NAME = "$(TARGET_NAME)";
				SDKROOT = macosx10.12;
				WRAPPER_EXTENSION = kext;
			};
			name = Debug;
		};
		A65083801FEFB2DC001300AC /* Release */ = {
			isa = XCBuildConfiguration;
			buildSettings = {
				CODE_SIGN_STYLE = Automatic;
				COMBINE_HIDPI_IMAGES = YES;
				CURRENT_PROJECT_VERSION = 1.0.0d1;
				DEVELOPMENT_TEAM = 3MRY8X5EYM;
				INFOPLIST_FILE = IntelWifi/Info.plist;
				MACOSX_DEPLOYMENT_TARGET = 10.12;
				MODULE_NAME = net.rpeshkov.IntelWifi;
				MODULE_VERSION = 1.0.0d1;
				PRODUCT_BUNDLE_IDENTIFIER = net.rpeshkov.IntelWifi;
				PRODUCT_NAME = "$(TARGET_NAME)";
				SDKROOT = macosx10.12;
				WRAPPER_EXTENSION = kext;
			};
			name = Release;
		};
/* End XCBuildConfiguration section */

/* Begin XCConfigurationList section */
		A650836E1FEFB2DC001300AC /* Build configuration list for PBXProject "IntelWifi" */ = {
			isa = XCConfigurationList;
			buildConfigurations = (
				A650837C1FEFB2DC001300AC /* Debug */,
				A650837D1FEFB2DC001300AC /* Release */,
			);
			defaultConfigurationIsVisible = 0;
			defaultConfigurationName = Release;
		};
		A650837E1FEFB2DC001300AC /* Build configuration list for PBXNativeTarget "IntelWifi" */ = {
			isa = XCConfigurationList;
			buildConfigurations = (
				A650837F1FEFB2DC001300AC /* Debug */,
				A65083801FEFB2DC001300AC /* Release */,
			);
			defaultConfigurationIsVisible = 0;
			defaultConfigurationName = Release;
		};
/* End XCConfigurationList section */
	};
	rootObject = A650836B1FEFB2DC001300AC /* Project object */;
}
